// !$*UTF8*$!
{
	archiveVersion = 1;
	classes = {
	};
	objectVersion = 77;
	objects = {

/* Begin PBXContainerItemProxy section */
		439EBD732E6A244C0060FBC1 /* PBXContainerItemProxy */ = {
			isa = PBXContainerItemProxy;
			containerPortal = 439EBD5C2E6A244B0060FBC1 /* Project object */;
			proxyType = 1;
			remoteGlobalIDString = 439EBD632E6A244B0060FBC1;
			remoteInfo = GigiCopyHelper;
		};
		439EBD7D2E6A244C0060FBC1 /* PBXContainerItemProxy */ = {
			isa = PBXContainerItemProxy;
			containerPortal = 439EBD5C2E6A244B0060FBC1 /* Project object */;
			proxyType = 1;
			remoteGlobalIDString = 439EBD632E6A244B0060FBC1;
			remoteInfo = GigiCopyHelper;
		};
/* End PBXContainerItemProxy section */

/* Begin PBXFileReference section */
		439EBD642E6A244B0060FBC1 /* GigiCopyHelper.app */ = {isa = PBXFileReference; explicitFileType = wrapper.application; includeInIndex = 0; path = GigiCopyHelper.app; sourceTree = BUILT_PRODUCTS_DIR; };
		439EBD722E6A244C0060FBC1 /* GigiCopyHelperTests.xctest */ = {isa = PBXFileReference; explicitFileType = wrapper.cfbundle; includeInIndex = 0; path = GigiCopyHelperTests.xctest; sourceTree = BUILT_PRODUCTS_DIR; };
		439EBD7C2E6A244C0060FBC1 /* GigiCopyHelperUITests.xctest */ = {isa = PBXFileReference; explicitFileType = wrapper.cfbundle; includeInIndex = 0; path = GigiCopyHelperUITests.xctest; sourceTree = BUILT_PRODUCTS_DIR; };
/* End PBXFileReference section */

/* Begin PBXFileSystemSynchronizedRootGroup section */
		439EBD662E6A244B0060FBC1 /* GigiCopyHelper */ = {
			isa = PBXFileSystemSynchronizedRootGroup;
			path = GigiCopyHelper;
			sourceTree = "<group>";
		};
		439EBD752E6A244C0060FBC1 /* GigiCopyHelperTests */ = {
			isa = PBXFileSystemSynchronizedRootGroup;
			path = GigiCopyHelperTests;
			sourceTree = "<group>";
		};
		439EBD7F2E6A244C0060FBC1 /* GigiCopyHelperUITests */ = {
			isa = PBXFileSystemSynchronizedRootGroup;
			path = GigiCopyHelperUITests;
			sourceTree = "<group>";
		};
/* End PBXFileSystemSynchronizedRootGroup section */

/* Begin PBXFrameworksBuildPhase section */
		439EBD612E6A244B0060FBC1 /* Frameworks */ = {
			isa = PBXFrameworksBuildPhase;
			buildActionMask = 2147483647;
			files = (
			);
			runOnlyForDeploymentPostprocessing = 0;
		};
		439EBD6F2E6A244C0060FBC1 /* Frameworks */ = {
			isa = PBXFrameworksBuildPhase;
			buildActionMask = 2147483647;
			files = (
			);
			runOnlyForDeploymentPostprocessing = 0;
		};
		439EBD792E6A244C0060FBC1 /* Frameworks */ = {
			isa = PBXFrameworksBuildPhase;
			buildActionMask = 2147483647;
			files = (
			);
			runOnlyForDeploymentPostprocessing = 0;
		};
/* End PBXFrameworksBuildPhase section */

/* Begin PBXGroup section */
		439EBD5B2E6A244B0060FBC1 = {
			isa = PBXGroup;
			children = (
				439EBD662E6A244B0060FBC1 /* GigiCopyHelper */,
				439EBD752E6A244C0060FBC1 /* GigiCopyHelperTests */,
				439EBD7F2E6A244C0060FBC1 /* GigiCopyHelperUITests */,
				439EBD652E6A244B0060FBC1 /* Products */,
			);
			sourceTree = "<group>";
		};
		439EBD652E6A244B0060FBC1 /* Products */ = {
			isa = PBXGroup;
			children = (
				439EBD642E6A244B0060FBC1 /* GigiCopyHelper.app */,
				439EBD722E6A244C0060FBC1 /* GigiCopyHelperTests.xctest */,
				439EBD7C2E6A244C0060FBC1 /* GigiCopyHelperUITests.xctest */,
			);
			name = Products;
			sourceTree = "<group>";
		};
/* End PBXGroup section */

/* Begin PBXNativeTarget section */
		439EBD632E6A244B0060FBC1 /* GigiCopyHelper */ = {
			isa = PBXNativeTarget;
			buildConfigurationList = 439EBD862E6A244C0060FBC1 /* Build configuration list for PBXNativeTarget "GigiCopyHelper" */;
			buildPhases = (
				439EBD602E6A244B0060FBC1 /* Sources */,
				439EBD612E6A244B0060FBC1 /* Frameworks */,
				439EBD622E6A244B0060FBC1 /* Resources */,
			);
			buildRules = (
			);
			dependencies = (
			);
			fileSystemSynchronizedGroups = (
				439EBD662E6A244B0060FBC1 /* GigiCopyHelper */,
			);
			name = GigiCopyHelper;
			packageProductDependencies = (
			);
			productName = GigiCopyHelper;
			productReference = 439EBD642E6A244B0060FBC1 /* GigiCopyHelper.app */;
			productType = "com.apple.product-type.application";
		};
		439EBD712E6A244C0060FBC1 /* GigiCopyHelperTests */ = {
			isa = PBXNativeTarget;
			buildConfigurationList = 439EBD892E6A244C0060FBC1 /* Build configuration list for PBXNativeTarget "GigiCopyHelperTests" */;
			buildPhases = (
				439EBD6E2E6A244C0060FBC1 /* Sources */,
				439EBD6F2E6A244C0060FBC1 /* Frameworks */,
				439EBD702E6A244C0060FBC1 /* Resources */,
			);
			buildRules = (
			);
			dependencies = (
				439EBD742E6A244C0060FBC1 /* PBXTargetDependency */,
			);
			fileSystemSynchronizedGroups = (
				439EBD752E6A244C0060FBC1 /* GigiCopyHelperTests */,
			);
			name = GigiCopyHelperTests;
			packageProductDependencies = (
			);
			productName = GigiCopyHelperTests;
			productReference = 439EBD722E6A244C0060FBC1 /* GigiCopyHelperTests.xctest */;
			productType = "com.apple.product-type.bundle.unit-test";
		};
		439EBD7B2E6A244C0060FBC1 /* GigiCopyHelperUITests */ = {
			isa = PBXNativeTarget;
			buildConfigurationList = 439EBD8C2E6A244C0060FBC1 /* Build configuration list for PBXNativeTarget "GigiCopyHelperUITests" */;
			buildPhases = (
				439EBD782E6A244C0060FBC1 /* Sources */,
				439EBD792E6A244C0060FBC1 /* Frameworks */,
				439EBD7A2E6A244C0060FBC1 /* Resources */,
			);
			buildRules = (
			);
			dependencies = (
				439EBD7E2E6A244C0060FBC1 /* PBXTargetDependency */,
			);
			fileSystemSynchronizedGroups = (
				439EBD7F2E6A244C0060FBC1 /* GigiCopyHelperUITests */,
			);
			name = GigiCopyHelperUITests;
			packageProductDependencies = (
			);
			productName = GigiCopyHelperUITests;
			productReference = 439EBD7C2E6A244C0060FBC1 /* GigiCopyHelperUITests.xctest */;
			productType = "com.apple.product-type.bundle.ui-testing";
		};
/* End PBXNativeTarget section */

/* Begin PBXProject section */
		439EBD5C2E6A244B0060FBC1 /* Project object */ = {
			isa = PBXProject;
			attributes = {
				BuildIndependentTargetsInParallel = 1;
				LastSwiftUpdateCheck = 1640;
				LastUpgradeCheck = 1640;
				TargetAttributes = {
					439EBD632E6A244B0060FBC1 = {
						CreatedOnToolsVersion = 16.4;
					};
					439EBD712E6A244C0060FBC1 = {
						CreatedOnToolsVersion = 16.4;
						TestTargetID = 439EBD632E6A244B0060FBC1;
					};
					439EBD7B2E6A244C0060FBC1 = {
						CreatedOnToolsVersion = 16.4;
						TestTargetID = 439EBD632E6A244B0060FBC1;
					};
				};
			};
			buildConfigurationList = 439EBD5F2E6A244B0060FBC1 /* Build configuration list for PBXProject "GigiCopyHelper" */;
			developmentRegion = en;
			hasScannedForEncodings = 0;
			knownRegions = (
				en,
				Base,
			);
			mainGroup = 439EBD5B2E6A244B0060FBC1;
			minimizedProjectReferenceProxies = 1;
			preferredProjectObjectVersion = 77;
			productRefGroup = 439EBD652E6A244B0060FBC1 /* Products */;
			projectDirPath = "";
			projectRoot = "";
			targets = (
				439EBD632E6A244B0060FBC1 /* GigiCopyHelper */,
				439EBD712E6A244C0060FBC1 /* GigiCopyHelperTests */,
				439EBD7B2E6A244C0060FBC1 /* GigiCopyHelperUITests */,
			);
		};
/* End PBXProject section */

/* Begin PBXResourcesBuildPhase section */
		439EBD622E6A244B0060FBC1 /* Resources */ = {
			isa = PBXResourcesBuildPhase;
			buildActionMask = 2147483647;
			files = (
			);
			runOnlyForDeploymentPostprocessing = 0;
		};
		439EBD702E6A244C0060FBC1 /* Resources */ = {
			isa = PBXResourcesBuildPhase;
			buildActionMask = 2147483647;
			files = (
			);
			runOnlyForDeploymentPostprocessing = 0;
		};
		439EBD7A2E6A244C0060FBC1 /* Resources */ = {
			isa = PBXResourcesBuildPhase;
			buildActionMask = 2147483647;
			files = (
			);
			runOnlyForDeploymentPostprocessing = 0;
		};
/* End PBXResourcesBuildPhase section */

/* Begin PBXSourcesBuildPhase section */
		439EBD602E6A244B0060FBC1 /* Sources */ = {
			isa = PBXSourcesBuildPhase;
			buildActionMask = 2147483647;
			files = (
			);
			runOnlyForDeploymentPostprocessing = 0;
		};
		439EBD6E2E6A244C0060FBC1 /* Sources */ = {
			isa = PBXSourcesBuildPhase;
			buildActionMask = 2147483647;
			files = (
			);
			runOnlyForDeploymentPostprocessing = 0;
		};
		439EBD782E6A244C0060FBC1 /* Sources */ = {
			isa = PBXSourcesBuildPhase;
			buildActionMask = 2147483647;
			files = (
			);
			runOnlyForDeploymentPostprocessing = 0;
		};
/* End PBXSourcesBuildPhase section */

/* Begin PBXTargetDependency section */
		439EBD742E6A244C0060FBC1 /* PBXTargetDependency */ = {
			isa = PBXTargetDependency;
			target = 439EBD632E6A244B0060FBC1 /* GigiCopyHelper */;
			targetProxy = 439EBD732E6A244C0060FBC1 /* PBXContainerItemProxy */;
		};
		439EBD7E2E6A244C0060FBC1 /* PBXTargetDependency */ = {
			isa = PBXTargetDependency;
			target = 439EBD632E6A244B0060FBC1 /* GigiCopyHelper */;
			targetProxy = 439EBD7D2E6A244C0060FBC1 /* PBXContainerItemProxy */;
		};
/* End PBXTargetDependency section */

/* Begin XCBuildConfiguration section */
		439EBD842E6A244C0060FBC1 /* Debug */ = {
			isa = XCBuildConfiguration;
			buildSettings = {
				ALWAYS_SEARCH_USER_PATHS = NO;
				ASSETCATALOG_COMPILER_GENERATE_SWIFT_ASSET_SYMBOL_EXTENSIONS = YES;
				CLANG_ANALYZER_NONNULL = YES;
				CLANG_ANALYZER_NUMBER_OBJECT_CONVERSION = YES_AGGRESSIVE;
				CLANG_CXX_LANGUAGE_STANDARD = "gnu++20";
				CLANG_ENABLE_MODULES = YES;
				CLANG_ENABLE_OBJC_ARC = YES;
				CLANG_ENABLE_OBJC_WEAK = YES;
				CLANG_WARN_BLOCK_CAPTURE_AUTORELEASING = YES;
				CLANG_WARN_BOOL_CONVERSION = YES;
				CLANG_WARN_COMMA = YES;
				CLANG_WARN_CONSTANT_CONVERSION = YES;
				CLANG_WARN_DEPRECATED_OBJC_IMPLEMENTATIONS = YES;
				CLANG_WARN_DIRECT_OBJC_ISA_USAGE = YES_ERROR;
				CLANG_WARN_DOCUMENTATION_COMMENTS = YES;
				CLANG_WARN_EMPTY_BODY = YES;
				CLANG_WARN_ENUM_CONVERSION = YES;
				CLANG_WARN_INFINITE_RECURSION = YES;
				CLANG_WARN_INT_CONVERSION = YES;
				CLANG_WARN_NON_LITERAL_NULL_CONVERSION = YES;
				CLANG_WARN_OBJC_IMPLICIT_RETAIN_SELF = YES;
				CLANG_WARN_OBJC_LITERAL_CONVERSION = YES;
				CLANG_WARN_OBJC_ROOT_CLASS = YES_ERROR;
				CLANG_WARN_QUOTED_INCLUDE_IN_FRAMEWORK_HEADER = YES;
				CLANG_WARN_RANGE_LOOP_ANALYSIS = YES;
				CLANG_WARN_STRICT_PROTOTYPES = YES;
				CLANG_WARN_SUSPICIOUS_MOVE = YES;
				CLANG_WARN_UNGUARDED_AVAILABILITY = YES_AGGRESSIVE;
				CLANG_WARN_UNREACHABLE_CODE = YES;
				CLANG_WARN__DUPLICATE_METHOD_MATCH = YES;
				COPY_PHASE_STRIP = NO;
				DEBUG_INFORMATION_FORMAT = dwarf;
				ENABLE_STRICT_OBJC_MSGSEND = YES;
				ENABLE_TESTABILITY = YES;
				ENABLE_USER_SCRIPT_SANDBOXING = YES;
				GCC_C_LANGUAGE_STANDARD = gnu17;
				GCC_DYNAMIC_NO_PIC = NO;
				GCC_NO_COMMON_BLOCKS = YES;
				GCC_OPTIMIZATION_LEVEL = 0;
				GCC_PREPROCESSOR_DEFINITIONS = (
					"DEBUG=1",
					"$(inherited)",
				);
				GCC_WARN_64_TO_32_BIT_CONVERSION = YES;
				GCC_WARN_ABOUT_RETURN_TYPE = YES_ERROR;
				GCC_WARN_UNDECLARED_SELECTOR = YES;
				GCC_WARN_UNINITIALIZED_AUTOS = YES_AGGRESSIVE;
				GCC_WARN_UNUSED_FUNCTION = YES;
				GCC_WARN_UNUSED_VARIABLE = YES;
				LOCALIZATION_PREFERS_STRING_CATALOGS = YES;
				MACOSX_DEPLOYMENT_TARGET = 15.5;
				MTL_ENABLE_DEBUG_INFO = INCLUDE_SOURCE;
				MTL_FAST_MATH = YES;
				ONLY_ACTIVE_ARCH = YES;
				SDKROOT = macosx;
				SWIFT_ACTIVE_COMPILATION_CONDITIONS = "DEBUG $(inherited)";
				SWIFT_OPTIMIZATION_LEVEL = "-Onone";
			};
			name = Debug;
		};
		439EBD852E6A244C0060FBC1 /* Release */ = {
			isa = XCBuildConfiguration;
			buildSettings = {
				ALWAYS_SEARCH_USER_PATHS = NO;
				ASSETCATALOG_COMPILER_GENERATE_SWIFT_ASSET_SYMBOL_EXTENSIONS = YES;
				CLANG_ANALYZER_NONNULL = YES;
				CLANG_ANALYZER_NUMBER_OBJECT_CONVERSION = YES_AGGRESSIVE;
				CLANG_CXX_LANGUAGE_STANDARD = "gnu++20";
				CLANG_ENABLE_MODULES = YES;
				CLANG_ENABLE_OBJC_ARC = YES;
				CLANG_ENABLE_OBJC_WEAK = YES;
				CLANG_WARN_BLOCK_CAPTURE_AUTORELEASING = YES;
				CLANG_WARN_BOOL_CONVERSION = YES;
				CLANG_WARN_COMMA = YES;
				CLANG_WARN_CONSTANT_CONVERSION = YES;
				CLANG_WARN_DEPRECATED_OBJC_IMPLEMENTATIONS = YES;
				CLANG_WARN_DIRECT_OBJC_ISA_USAGE = YES_ERROR;
				CLANG_WARN_DOCUMENTATION_COMMENTS = YES;
				CLANG_WARN_EMPTY_BODY = YES;
				CLANG_WARN_ENUM_CONVERSION = YES;
				CLANG_WARN_INFINITE_RECURSION = YES;
				CLANG_WARN_INT_CONVERSION = YES;
				CLANG_WARN_NON_LITERAL_NULL_CONVERSION = YES;
				CLANG_WARN_OBJC_IMPLICIT_RETAIN_SELF = YES;
				CLANG_WARN_OBJC_LITERAL_CONVERSION = YES;
				CLANG_WARN_OBJC_ROOT_CLASS = YES_ERROR;
				CLANG_WARN_QUOTED_INCLUDE_IN_FRAMEWORK_HEADER = YES;
				CLANG_WARN_RANGE_LOOP_ANALYSIS = YES;
				CLANG_WARN_STRICT_PROTOTYPES = YES;
				CLANG_WARN_SUSPICIOUS_MOVE = YES;
				CLANG_WARN_UNGUARDED_AVAILABILITY = YES_AGGRESSIVE;
				CLANG_WARN_UNREACHABLE_CODE = YES;
				CLANG_WARN__DUPLICATE_METHOD_MATCH = YES;
				COPY_PHASE_STRIP = NO;
				DEBUG_INFORMATION_FORMAT = "dwarf-with-dsym";
				ENABLE_NS_ASSERTIONS = NO;
				ENABLE_STRICT_OBJC_MSGSEND = YES;
				ENABLE_USER_SCRIPT_SANDBOXING = YES;
				GCC_C_LANGUAGE_STANDARD = gnu17;
				GCC_NO_COMMON_BLOCKS = YES;
				GCC_WARN_64_TO_32_BIT_CONVERSION = YES;
				GCC_WARN_ABOUT_RETURN_TYPE = YES_ERROR;
				GCC_WARN_UNDECLARED_SELECTOR = YES;
				GCC_WARN_UNINITIALIZED_AUTOS = YES_AGGRESSIVE;
				GCC_WARN_UNUSED_FUNCTION = YES;
				GCC_WARN_UNUSED_VARIABLE = YES;
				LOCALIZATION_PREFERS_STRING_CATALOGS = YES;
				MACOSX_DEPLOYMENT_TARGET = 15.5;
				MTL_ENABLE_DEBUG_INFO = NO;
				MTL_FAST_MATH = YES;
				SDKROOT = macosx;
				SWIFT_COMPILATION_MODE = wholemodule;
			};
			name = Release;
		};
		439EBD872E6A244C0060FBC1 /* Debug */ = {
			isa = XCBuildConfiguration;
			buildSettings = {
				ASSETCATALOG_COMPILER_APPICON_NAME = AppIcon;
				ASSETCATALOG_COMPILER_GLOBAL_ACCENT_COLOR_NAME = AccentColor;
				CODE_SIGN_ENTITLEMENTS = GigiCopyHelper/GigiCopyHelper.entitlements;
				CODE_SIGN_STYLE = Automatic;
				COMBINE_HIDPI_IMAGES = YES;
				CURRENT_PROJECT_VERSION = 1;
				ENABLE_PREVIEWS = YES;
				GENERATE_INFOPLIST_FILE = YES;
				INFOPLIST_KEY_NSHumanReadableCopyright = "";
				LD_RUNPATH_SEARCH_PATHS = (
					"$(inherited)",
					"@executable_path/../Frameworks",
				);
				MARKETING_VERSION = 1.0;
				PRODUCT_BUNDLE_IDENTIFIER = Flexipie.GigiCopyHelper;
				PRODUCT_NAME = "$(TARGET_NAME)";
				REGISTER_APP_GROUPS = YES;
				SWIFT_EMIT_LOC_STRINGS = YES;
				SWIFT_VERSION = 5.0;
			};
			name = Debug;
		};
		439EBD882E6A244C0060FBC1 /* Release */ = {
			isa = XCBuildConfiguration;
			buildSettings = {
				ASSETCATALOG_COMPILER_APPICON_NAME = AppIcon;
				ASSETCATALOG_COMPILER_GLOBAL_ACCENT_COLOR_NAME = AccentColor;
				CODE_SIGN_ENTITLEMENTS = GigiCopyHelper/GigiCopyHelper.entitlements;
				CODE_SIGN_STYLE = Automatic;
				COMBINE_HIDPI_IMAGES = YES;
				CURRENT_PROJECT_VERSION = 1;
				ENABLE_PREVIEWS = YES;
				GENERATE_INFOPLIST_FILE = YES;
				INFOPLIST_KEY_NSHumanReadableCopyright = "";
				LD_RUNPATH_SEARCH_PATHS = (
					"$(inherited)",
					"@executable_path/../Frameworks",
				);
				MARKETING_VERSION = 1.0;
				PRODUCT_BUNDLE_IDENTIFIER = Flexipie.GigiCopyHelper;
				PRODUCT_NAME = "$(TARGET_NAME)";
				REGISTER_APP_GROUPS = YES;
				SWIFT_EMIT_LOC_STRINGS = YES;
				SWIFT_VERSION = 5.0;
			};
			name = Release;
		};
		439EBD8A2E6A244C0060FBC1 /* Debug */ = {
			isa = XCBuildConfiguration;
			buildSettings = {
				BUNDLE_LOADER = "$(TEST_HOST)";
				CODE_SIGN_STYLE = Automatic;
				CURRENT_PROJECT_VERSION = 1;
				GENERATE_INFOPLIST_FILE = YES;
				MACOSX_DEPLOYMENT_TARGET = 15.5;
				MARKETING_VERSION = 1.0;
				PRODUCT_BUNDLE_IDENTIFIER = Flexipie.GigiCopyHelperTests;
				PRODUCT_NAME = "$(TARGET_NAME)";
				SWIFT_EMIT_LOC_STRINGS = NO;
				SWIFT_VERSION = 5.0;
				TEST_HOST = "$(BUILT_PRODUCTS_DIR)/GigiCopyHelper.app/$(BUNDLE_EXECUTABLE_FOLDER_PATH)/GigiCopyHelper";
			};
			name = Debug;
		};
		439EBD8B2E6A244C0060FBC1 /* Release */ = {
			isa = XCBuildConfiguration;
			buildSettings = {
				BUNDLE_LOADER = "$(TEST_HOST)";
				CODE_SIGN_STYLE = Automatic;
				CURRENT_PROJECT_VERSION = 1;
				GENERATE_INFOPLIST_FILE = YES;
				MACOSX_DEPLOYMENT_TARGET = 15.5;
				MARKETING_VERSION = 1.0;
				PRODUCT_BUNDLE_IDENTIFIER = Flexipie.GigiCopyHelperTests;
				PRODUCT_NAME = "$(TARGET_NAME)";
				SWIFT_EMIT_LOC_STRINGS = NO;
				SWIFT_VERSION = 5.0;
				TEST_HOST = "$(BUILT_PRODUCTS_DIR)/GigiCopyHelper.app/$(BUNDLE_EXECUTABLE_FOLDER_PATH)/GigiCopyHelper";
			};
			name = Release;
		};
		439EBD8D2E6A244C0060FBC1 /* Debug */ = {
			isa = XCBuildConfiguration;
			buildSettings = {
				CODE_SIGN_STYLE = Automatic;
				CURRENT_PROJECT_VERSION = 1;
				GENERATE_INFOPLIST_FILE = YES;
				MARKETING_VERSION = 1.0;
				PRODUCT_BUNDLE_IDENTIFIER = Flexipie.GigiCopyHelperUITests;
				PRODUCT_NAME = "$(TARGET_NAME)";
				SWIFT_EMIT_LOC_STRINGS = NO;
				SWIFT_VERSION = 5.0;
				TEST_TARGET_NAME = GigiCopyHelper;
			};
			name = Debug;
		};
		439EBD8E2E6A244C0060FBC1 /* Release */ = {
			isa = XCBuildConfiguration;
			buildSettings = {
				CODE_SIGN_STYLE = Automatic;
				CURRENT_PROJECT_VERSION = 1;
				GENERATE_INFOPLIST_FILE = YES;
				MARKETING_VERSION = 1.0;
				PRODUCT_BUNDLE_IDENTIFIER = Flexipie.GigiCopyHelperUITests;
				PRODUCT_NAME = "$(TARGET_NAME)";
				SWIFT_EMIT_LOC_STRINGS = NO;
				SWIFT_VERSION = 5.0;
				TEST_TARGET_NAME = GigiCopyHelper;
			};
			name = Release;
		};
/* End XCBuildConfiguration section */

/* Begin XCConfigurationList section */
		439EBD5F2E6A244B0060FBC1 /* Build configuration list for PBXProject "GigiCopyHelper" */ = {
			isa = XCConfigurationList;
			buildConfigurations = (
				439EBD842E6A244C0060FBC1 /* Debug */,
				439EBD852E6A244C0060FBC1 /* Release */,
			);
			defaultConfigurationIsVisible = 0;
			defaultConfigurationName = Release;
		};
		439EBD862E6A244C0060FBC1 /* Build configuration list for PBXNativeTarget "GigiCopyHelper" */ = {
			isa = XCConfigurationList;
			buildConfigurations = (
				439EBD872E6A244C0060FBC1 /* Debug */,
				439EBD882E6A244C0060FBC1 /* Release */,
			);
			defaultConfigurationIsVisible = 0;
			defaultConfigurationName = Release;
		};
		439EBD892E6A244C0060FBC1 /* Build configuration list for PBXNativeTarget "GigiCopyHelperTests" */ = {
			isa = XCConfigurationList;
			buildConfigurations = (
				439EBD8A2E6A244C0060FBC1 /* Debug */,
				439EBD8B2E6A244C0060FBC1 /* Release */,
			);
			defaultConfigurationIsVisible = 0;
			defaultConfigurationName = Release;
		};
		439EBD8C2E6A244C0060FBC1 /* Build configuration list for PBXNativeTarget "GigiCopyHelperUITests" */ = {
			isa = XCConfigurationList;
			buildConfigurations = (
				439EBD8D2E6A244C0060FBC1 /* Debug */,
				439EBD8E2E6A244C0060FBC1 /* Release */,
			);
			defaultConfigurationIsVisible = 0;
			defaultConfigurationName = Release;
		};
/* End XCConfigurationList section */
	};
	rootObject = 439EBD5C2E6A244B0060FBC1 /* Project object */;
}
